
Microsoft Visual Studio Solution File, Format Version 12.00
# Visual Studio Version 17
VisualStudioVersion = 17.7.34031.279
MinimumVisualStudioVersion = 10.0.40219.1
Project("{9A19103F-16F7-4668-BE54-9A1E7A4F7556}") = "TraversalCoreProject", "TraversalCoreProject\TraversalCoreProject.csproj", "{4D6DA8FE-D801-4585-983D-203A7DA9BD93}"
EndProject
Project("{9A19103F-16F7-4668-BE54-9A1E7A4F7556}") = "Entity", "Entity\Entity.csproj", "{7CD0F9F2-53CE-429A-BE8E-37B65D3E832B}"
EndProject
Project("{9A19103F-16F7-4668-BE54-9A1E7A4F7556}") = "Business", "Business\Business.csproj", "{A8A7CBAD-B117-4F77-A946-F4BA0B06FE03}"
EndProject
Project("{9A19103F-16F7-4668-BE54-9A1E7A4F7556}") = "DataAccess", "DataAccess\DataAccess.csproj", "{32D8C10A-484F-4A35-9BAF-3DC1A8362229}"
EndProject
Project("{9A19103F-16F7-4668-BE54-9A1E7A4F7556}") = "DTO", "DTO\DTO.csproj", "{D0E98FAD-6FC9-450D-9BDF-75D1D54D2C66}"
EndProject
Project("{9A19103F-16F7-4668-BE54-9A1E7A4F7556}") = "SignalRApi", "SignalRApi\SignalRApi.csproj", "{BCAEC35F-58D1-460D-8847-8468B8DC297E}"
EndProject
Project("{FAE04EC0-301F-11D3-BF4B-00C04F79EFBC}") = "SignalRConsume", "SignalRConsume\SignalRConsume.csproj", "{A995E81D-611D-4510-B9CF-96CAC5E1317F}"
EndProject
Project("{FAE04EC0-301F-11D3-BF4B-00C04F79EFBC}") = "SignalRApiForSql", "SignalRApiForSql\SignalRApiForSql.csproj", "{65526209-CE0B-4AC6-8183-310BB2CE9379}"
EndProject
Global
	GlobalSection(SolutionConfigurationPlatforms) = preSolution
		Debug|Any CPU = Debug|Any CPU
		Release|Any CPU = Release|Any CPU
	EndGlobalSection
	GlobalSection(ProjectConfigurationPlatforms) = postSolution
		{4D6DA8FE-D801-4585-983D-203A7DA9BD93}.Debug|Any CPU.ActiveCfg = Debug|Any CPU
		{4D6DA8FE-D801-4585-983D-203A7DA9BD93}.Debug|Any CPU.Build.0 = Debug|Any CPU
		{4D6DA8FE-D801-4585-983D-203A7DA9BD93}.Release|Any CPU.ActiveCfg = Release|Any CPU
		{4D6DA8FE-D801-4585-983D-203A7DA9BD93}.Release|Any CPU.Build.0 = Release|Any CPU
		{7CD0F9F2-53CE-429A-BE8E-37B65D3E832B}.Debug|Any CPU.ActiveCfg = Debug|Any CPU
		{7CD0F9F2-53CE-429A-BE8E-37B65D3E832B}.Debug|Any CPU.Build.0 = Debug|Any CPU
		{7CD0F9F2-53CE-429A-BE8E-37B65D3E832B}.Release|Any CPU.ActiveCfg = Release|Any CPU
		{7CD0F9F2-53CE-429A-BE8E-37B65D3E832B}.Release|Any CPU.Build.0 = Release|Any CPU
		{A8A7CBAD-B117-4F77-A946-F4BA0B06FE03}.Debug|Any CPU.ActiveCfg = Debug|Any CPU
		{A8A7CBAD-B117-4F77-A946-F4BA0B06FE03}.Debug|Any CPU.Build.0 = Debug|Any CPU
		{A8A7CBAD-B117-4F77-A946-F4BA0B06FE03}.Release|Any CPU.ActiveCfg = Release|Any CPU
		{A8A7CBAD-B117-4F77-A946-F4BA0B06FE03}.Release|Any CPU.Build.0 = Release|Any CPU
		{32D8C10A-484F-4A35-9BAF-3DC1A8362229}.Debug|Any CPU.ActiveCfg = Debug|Any CPU
		{32D8C10A-484F-4A35-9BAF-3DC1A8362229}.Debug|Any CPU.Build.0 = Debug|Any CPU
		{32D8C10A-484F-4A35-9BAF-3DC1A8362229}.Release|Any CPU.ActiveCfg = Release|Any CPU
		{32D8C10A-484F-4A35-9BAF-3DC1A8362229}.Release|Any CPU.Build.0 = Release|Any CPU
		{D0E98FAD-6FC9-450D-9BDF-75D1D54D2C66}.Debug|Any CPU.ActiveCfg = Debug|Any CPU
		{D0E98FAD-6FC9-450D-9BDF-75D1D54D2C66}.Debug|Any CPU.Build.0 = Debug|Any CPU
		{D0E98FAD-6FC9-450D-9BDF-75D1D54D2C66}.Release|Any CPU.ActiveCfg = Release|Any CPU
		{D0E98FAD-6FC9-450D-9BDF-75D1D54D2C66}.Release|Any CPU.Build.0 = Release|Any CPU
		{BCAEC35F-58D1-460D-8847-8468B8DC297E}.Debug|Any CPU.ActiveCfg = Debug|Any CPU
		{BCAEC35F-58D1-460D-8847-8468B8DC297E}.Debug|Any CPU.Build.0 = Debug|Any CPU
		{BCAEC35F-58D1-460D-8847-8468B8DC297E}.Release|Any CPU.ActiveCfg = Release|Any CPU
		{BCAEC35F-58D1-460D-8847-8468B8DC297E}.Release|Any CPU.Build.0 = Release|Any CPU
		{A995E81D-611D-4510-B9CF-96CAC5E1317F}.Debug|Any CPU.ActiveCfg = Debug|Any CPU
		{A995E81D-611D-4510-B9CF-96CAC5E1317F}.Debug|Any CPU.Build.0 = Debug|Any CPU
		{A995E81D-611D-4510-B9CF-96CAC5E1317F}.Release|Any CPU.ActiveCfg = Release|Any CPU
		{A995E81D-611D-4510-B9CF-96CAC5E1317F}.Release|Any CPU.Build.0 = Release|Any CPU
		{65526209-CE0B-4AC6-8183-310BB2CE9379}.Debug|Any CPU.ActiveCfg = Debug|Any CPU
		{65526209-CE0B-4AC6-8183-310BB2CE9379}.Debug|Any CPU.Build.0 = Debug|Any CPU
		{65526209-CE0B-4AC6-8183-310BB2CE9379}.Release|Any CPU.ActiveCfg = Release|Any CPU
		{65526209-CE0B-4AC6-8183-310BB2CE9379}.Release|Any CPU.Build.0 = Release|Any CPU
	EndGlobalSection
	GlobalSection(SolutionProperties) = preSolution
		HideSolutionNode = FALSE
	EndGlobalSection
	GlobalSection(ExtensibilityGlobals) = postSolution
		SolutionGuid = {6F27B645-5A67-4FF3-B0CA-5B041A0D2D84}
	EndGlobalSection
EndGlobal
